// !$*UTF8*$!
{
	archiveVersion = 1;
	classes = {
	};
	objectVersion = 46;
	objects = {

/* Begin PBXBuildFile section */
		4F0C53971C63F28E00546280 /* AppDelegate.swift in Sources */ = {isa = PBXBuildFile; fileRef = 4F0C53961C63F28E00546280 /* AppDelegate.swift */; };
		4F0C53991C63F28E00546280 /* ViewController.swift in Sources */ = {isa = PBXBuildFile; fileRef = 4F0C53981C63F28E00546280 /* ViewController.swift */; };
		4F0C539C1C63F28E00546280 /* Main.storyboard in Resources */ = {isa = PBXBuildFile; fileRef = 4F0C539A1C63F28E00546280 /* Main.storyboard */; };
		4F0C539E1C63F28E00546280 /* Assets.xcassets in Resources */ = {isa = PBXBuildFile; fileRef = 4F0C539D1C63F28E00546280 /* Assets.xcassets */; };
		4F0C53A11C63F28E00546280 /* LaunchScreen.storyboard in Resources */ = {isa = PBXBuildFile; fileRef = 4F0C539F1C63F28E00546280 /* LaunchScreen.storyboard */; };
		4F0C53AC1C63F28E00546280 /* DispatcherTests.swift in Sources */ = {isa = PBXBuildFile; fileRef = 4F0C53AB1C63F28E00546280 /* DispatcherTests.swift */; };
		4F0C53C51C63F2FB00546280 /* Dispatcher.swift in Sources */ = {isa = PBXBuildFile; fileRef = 4F0C53C41C63F2FB00546280 /* Dispatcher.swift */; };
		4FAAADA31C68010600B7A5FD /* DeviceMotionWrapper.swift in Sources */ = {isa = PBXBuildFile; fileRef = 4FAAADA21C68010600B7A5FD /* DeviceMotionWrapper.swift */; };
/* End PBXBuildFile section */

/* Begin PBXContainerItemProxy section */
		4F0C53A81C63F28E00546280 /* PBXContainerItemProxy */ = {
			isa = PBXContainerItemProxy;
			containerPortal = 4F0C538B1C63F28E00546280 /* Project object */;
			proxyType = 1;
			remoteGlobalIDString = 4F0C53921C63F28E00546280;
			remoteInfo = Dispatcher;
		};
/* End PBXContainerItemProxy section */

/* Begin PBXFileReference section */
		4F0C53931C63F28E00546280 /* Dispatcher.app */ = {isa = PBXFileReference; explicitFileType = wrapper.application; includeInIndex = 0; path = Dispatcher.app; sourceTree = BUILT_PRODUCTS_DIR; };
		4F0C53961C63F28E00546280 /* AppDelegate.swift */ = {isa = PBXFileReference; lastKnownFileType = sourcecode.swift; path = AppDelegate.swift; sourceTree = "<group>"; };
		4F0C53981C63F28E00546280 /* ViewController.swift */ = {isa = PBXFileReference; lastKnownFileType = sourcecode.swift; path = ViewController.swift; sourceTree = "<group>"; };
		4F0C539B1C63F28E00546280 /* Base */ = {isa = PBXFileReference; lastKnownFileType = file.storyboard; name = Base; path = Base.lproj/Main.storyboard; sourceTree = "<group>"; };
		4F0C539D1C63F28E00546280 /* Assets.xcassets */ = {isa = PBXFileReference; lastKnownFileType = folder.assetcatalog; path = Assets.xcassets; sourceTree = "<group>"; };
		4F0C53A01C63F28E00546280 /* Base */ = {isa = PBXFileReference; lastKnownFileType = file.storyboard; name = Base; path = Base.lproj/LaunchScreen.storyboard; sourceTree = "<group>"; };
		4F0C53A21C63F28E00546280 /* Info.plist */ = {isa = PBXFileReference; lastKnownFileType = text.plist.xml; path = Info.plist; sourceTree = "<group>"; };
		4F0C53A71C63F28E00546280 /* DispatcherTests.xctest */ = {isa = PBXFileReference; explicitFileType = wrapper.cfbundle; includeInIndex = 0; path = DispatcherTests.xctest; sourceTree = BUILT_PRODUCTS_DIR; };
		4F0C53AB1C63F28E00546280 /* DispatcherTests.swift */ = {isa = PBXFileReference; lastKnownFileType = sourcecode.swift; path = DispatcherTests.swift; sourceTree = "<group>"; };
		4F0C53AD1C63F28E00546280 /* Info.plist */ = {isa = PBXFileReference; lastKnownFileType = text.plist.xml; path = Info.plist; sourceTree = "<group>"; };
		4F0C53C41C63F2FB00546280 /* Dispatcher.swift */ = {isa = PBXFileReference; fileEncoding = 4; lastKnownFileType = sourcecode.swift; path = Dispatcher.swift; sourceTree = "<group>"; };
		4FAAADA21C68010600B7A5FD /* DeviceMotionWrapper.swift */ = {isa = PBXFileReference; fileEncoding = 4; lastKnownFileType = sourcecode.swift; path = DeviceMotionWrapper.swift; sourceTree = "<group>"; };
/* End PBXFileReference section */

/* Begin PBXFrameworksBuildPhase section */
		4F0C53901C63F28E00546280 /* Frameworks */ = {
			isa = PBXFrameworksBuildPhase;
			buildActionMask = 2147483647;
			files = (
			);
			runOnlyForDeploymentPostprocessing = 0;
		};
		4F0C53A41C63F28E00546280 /* Frameworks */ = {
			isa = PBXFrameworksBuildPhase;
			buildActionMask = 2147483647;
			files = (
			);
			runOnlyForDeploymentPostprocessing = 0;
		};
/* End PBXFrameworksBuildPhase section */

/* Begin PBXGroup section */
		4F0C538A1C63F28E00546280 = {
			isa = PBXGroup;
			children = (
				4F0C53951C63F28E00546280 /* Dispatcher */,
				4F0C53AA1C63F28E00546280 /* DispatcherTests */,
				4F0C53941C63F28E00546280 /* Products */,
			);
			sourceTree = "<group>";
		};
		4F0C53941C63F28E00546280 /* Products */ = {
			isa = PBXGroup;
			children = (
				4F0C53931C63F28E00546280 /* Dispatcher.app */,
				4F0C53A71C63F28E00546280 /* DispatcherTests.xctest */,
			);
			name = Products;
			sourceTree = "<group>";
		};
		4F0C53951C63F28E00546280 /* Dispatcher */ = {
			isa = PBXGroup;
			children = (
				4F0C53961C63F28E00546280 /* AppDelegate.swift */,
				4F0C53981C63F28E00546280 /* ViewController.swift */,
				4F0C53C41C63F2FB00546280 /* Dispatcher.swift */,
				4FAAADA21C68010600B7A5FD /* DeviceMotionWrapper.swift */,
				4F0C539A1C63F28E00546280 /* Main.storyboard */,
				4F0C539D1C63F28E00546280 /* Assets.xcassets */,
				4F0C539F1C63F28E00546280 /* LaunchScreen.storyboard */,
				4F0C53A21C63F28E00546280 /* Info.plist */,
			);
			path = Dispatcher;
			sourceTree = "<group>";
		};
		4F0C53AA1C63F28E00546280 /* DispatcherTests */ = {
			isa = PBXGroup;
			children = (
				4F0C53AB1C63F28E00546280 /* DispatcherTests.swift */,
				4F0C53AD1C63F28E00546280 /* Info.plist */,
			);
			path = DispatcherTests;
			sourceTree = "<group>";
		};
/* End PBXGroup section */

/* Begin PBXNativeTarget section */
		4F0C53921C63F28E00546280 /* Dispatcher */ = {
			isa = PBXNativeTarget;
			buildConfigurationList = 4F0C53BB1C63F28E00546280 /* Build configuration list for PBXNativeTarget "Dispatcher" */;
			buildPhases = (
				4F0C538F1C63F28E00546280 /* Sources */,
				4F0C53901C63F28E00546280 /* Frameworks */,
				4F0C53911C63F28E00546280 /* Resources */,
			);
			buildRules = (
			);
			dependencies = (
			);
			name = Dispatcher;
			productName = Dispatcher;
			productReference = 4F0C53931C63F28E00546280 /* Dispatcher.app */;
			productType = "com.apple.product-type.application";
		};
		4F0C53A61C63F28E00546280 /* DispatcherTests */ = {
			isa = PBXNativeTarget;
			buildConfigurationList = 4F0C53BE1C63F28E00546280 /* Build configuration list for PBXNativeTarget "DispatcherTests" */;
			buildPhases = (
				4F0C53A31C63F28E00546280 /* Sources */,
				4F0C53A41C63F28E00546280 /* Frameworks */,
				4F0C53A51C63F28E00546280 /* Resources */,
			);
			buildRules = (
			);
			dependencies = (
				4F0C53A91C63F28E00546280 /* PBXTargetDependency */,
			);
			name = DispatcherTests;
			productName = DispatcherTests;
			productReference = 4F0C53A71C63F28E00546280 /* DispatcherTests.xctest */;
			productType = "com.apple.product-type.bundle.unit-test";
		};
/* End PBXNativeTarget section */

/* Begin PBXProject section */
		4F0C538B1C63F28E00546280 /* Project object */ = {
			isa = PBXProject;
			attributes = {
				LastSwiftUpdateCheck = 0720;
				LastUpgradeCheck = 0720;
				ORGANIZATIONNAME = "Techbrewers LTD.";
				TargetAttributes = {
					4F0C53921C63F28E00546280 = {
						CreatedOnToolsVersion = 7.2;
					};
					4F0C53A61C63F28E00546280 = {
						CreatedOnToolsVersion = 7.2;
						TestTargetID = 4F0C53921C63F28E00546280;
					};
				};
			};
			buildConfigurationList = 4F0C538E1C63F28E00546280 /* Build configuration list for PBXProject "Dispatcher" */;
			compatibilityVersion = "Xcode 3.2";
			developmentRegion = English;
			hasScannedForEncodings = 0;
			knownRegions = (
				en,
				Base,
			);
			mainGroup = 4F0C538A1C63F28E00546280;
			productRefGroup = 4F0C53941C63F28E00546280 /* Products */;
			projectDirPath = "";
			projectRoot = "";
			targets = (
				4F0C53921C63F28E00546280 /* Dispatcher */,
				4F0C53A61C63F28E00546280 /* DispatcherTests */,
			);
		};
/* End PBXProject section */

/* Begin PBXResourcesBuildPhase section */
		4F0C53911C63F28E00546280 /* Resources */ = {
			isa = PBXResourcesBuildPhase;
			buildActionMask = 2147483647;
			files = (
				4F0C53A11C63F28E00546280 /* LaunchScreen.storyboard in Resources */,
				4F0C539E1C63F28E00546280 /* Assets.xcassets in Resources */,
				4F0C539C1C63F28E00546280 /* Main.storyboard in Resources */,
			);
			runOnlyForDeploymentPostprocessing = 0;
		};
		4F0C53A51C63F28E00546280 /* Resources */ = {
			isa = PBXResourcesBuildPhase;
			buildActionMask = 2147483647;
			files = (
			);
			runOnlyForDeploymentPostprocessing = 0;
		};
/* End PBXResourcesBuildPhase section */

/* Begin PBXSourcesBuildPhase section */
		4F0C538F1C63F28E00546280 /* Sources */ = {
			isa = PBXSourcesBuildPhase;
			buildActionMask = 2147483647;
			files = (
				4F0C53991C63F28E00546280 /* ViewController.swift in Sources */,
				4F0C53971C63F28E00546280 /* AppDelegate.swift in Sources */,
				4F0C53C51C63F2FB00546280 /* Dispatcher.swift in Sources */,
				4FAAADA31C68010600B7A5FD /* DeviceMotionWrapper.swift in Sources */,
			);
			runOnlyForDeploymentPostprocessing = 0;
		};
		4F0C53A31C63F28E00546280 /* Sources */ = {
			isa = PBXSourcesBuildPhase;
			buildActionMask = 2147483647;
			files = (
				4F0C53AC1C63F28E00546280 /* DispatcherTests.swift in Sources */,
			);
			runOnlyForDeploymentPostprocessing = 0;
		};
/* End PBXSourcesBuildPhase section */

/* Begin PBXTargetDependency section */
		4F0C53A91C63F28E00546280 /* PBXTargetDependency */ = {
			isa = PBXTargetDependency;
			target = 4F0C53921C63F28E00546280 /* Dispatcher */;
			targetProxy = 4F0C53A81C63F28E00546280 /* PBXContainerItemProxy */;
		};
/* End PBXTargetDependency section */

/* Begin PBXVariantGroup section */
		4F0C539A1C63F28E00546280 /* Main.storyboard */ = {
			isa = PBXVariantGroup;
			children = (
				4F0C539B1C63F28E00546280 /* Base */,
			);
			name = Main.storyboard;
			sourceTree = "<group>";
		};
		4F0C539F1C63F28E00546280 /* LaunchScreen.storyboard */ = {
			isa = PBXVariantGroup;
			children = (
				4F0C53A01C63F28E00546280 /* Base */,
			);
			name = LaunchScreen.storyboard;
			sourceTree = "<group>";
		};
/* End PBXVariantGroup section */

/* Begin XCBuildConfiguration section */
		4F0C53B91C63F28E00546280 /* Debug */ = {
			isa = XCBuildConfiguration;
			buildSettings = {
				ALWAYS_SEARCH_USER_PATHS = NO;
				CLANG_CXX_LANGUAGE_STANDARD = "gnu++0x";
				CLANG_CXX_LIBRARY = "libc++";
				CLANG_ENABLE_MODULES = YES;
				CLANG_ENABLE_OBJC_ARC = YES;
				CLANG_WARN_BOOL_CONVERSION = YES;
				CLANG_WARN_CONSTANT_CONVERSION = YES;
				CLANG_WARN_DIRECT_OBJC_ISA_USAGE = YES_ERROR;
				CLANG_WARN_EMPTY_BODY = YES;
				CLANG_WARN_ENUM_CONVERSION = YES;
				CLANG_WARN_INT_CONVERSION = YES;
				CLANG_WARN_OBJC_ROOT_CLASS = YES_ERROR;
				CLANG_WARN_UNREACHABLE_CODE = YES;
				CLANG_WARN__DUPLICATE_METHOD_MATCH = YES;
				"CODE_SIGN_IDENTITY[sdk=iphoneos*]" = "iPhone Developer";
				COPY_PHASE_STRIP = NO;
				DEBUG_INFORMATION_FORMAT = dwarf;
				ENABLE_STRICT_OBJC_MSGSEND = YES;
				ENABLE_TESTABILITY = YES;
				GCC_C_LANGUAGE_STANDARD = gnu99;
				GCC_DYNAMIC_NO_PIC = NO;
				GCC_NO_COMMON_BLOCKS = YES;
				GCC_OPTIMIZATION_LEVEL = 0;
				GCC_PREPROCESSOR_DEFINITIONS = (
					"DEBUG=1",
					"$(inherited)",
				);
				GCC_WARN_64_TO_32_BIT_CONVERSION = YES;
				GCC_WARN_ABOUT_RETURN_TYPE = YES_ERROR;
				GCC_WARN_UNDECLARED_SELECTOR = YES;
				GCC_WARN_UNINITIALIZED_AUTOS = YES_AGGRESSIVE;
				GCC_WARN_UNUSED_FUNCTION = YES;
				GCC_WARN_UNUSED_VARIABLE = YES;
				IPHONEOS_DEPLOYMENT_TARGET = 9.2;
				MTL_ENABLE_DEBUG_INFO = YES;
				ONLY_ACTIVE_ARCH = YES;
				SDKROOT = iphoneos;
				SWIFT_OPTIMIZATION_LEVEL = "-Onone";
				TARGETED_DEVICE_FAMILY = "1,2";
			};
			name = Debug;
		};
		4F0C53BA1C63F28E00546280 /* Release */ = {
			isa = XCBuildConfiguration;
			buildSettings = {
				ALWAYS_SEARCH_USER_PATHS = NO;
				CLANG_CXX_LANGUAGE_STANDARD = "gnu++0x";
				CLANG_CXX_LIBRARY = "libc++";
				CLANG_ENABLE_MODULES = YES;
				CLANG_ENABLE_OBJC_ARC = YES;
				CLANG_WARN_BOOL_CONVERSION = YES;
				CLANG_WARN_CONSTANT_CONVERSION = YES;
				CLANG_WARN_DIRECT_OBJC_ISA_USAGE = YES_ERROR;
				CLANG_WARN_EMPTY_BODY = YES;
				CLANG_WARN_ENUM_CONVERSION = YES;
				CLANG_WARN_INT_CONVERSION = YES;
				CLANG_WARN_OBJC_ROOT_CLASS = YES_ERROR;
				CLANG_WARN_UNREACHABLE_CODE = YES;
				CLANG_WARN__DUPLICATE_METHOD_MATCH = YES;
				"CODE_SIGN_IDENTITY[sdk=iphoneos*]" = "iPhone Developer";
				COPY_PHASE_STRIP = NO;
				DEBUG_INFORMATION_FORMAT = "dwarf-with-dsym";
				ENABLE_NS_ASSERTIONS = NO;
				ENABLE_STRICT_OBJC_MSGSEND = YES;
				GCC_C_LANGUAGE_STANDARD = gnu99;
				GCC_NO_COMMON_BLOCKS = YES;
				GCC_WARN_64_TO_32_BIT_CONVERSION = YES;
				GCC_WARN_ABOUT_RETURN_TYPE = YES_ERROR;
				GCC_WARN_UNDECLARED_SELECTOR = YES;
				GCC_WARN_UNINITIALIZED_AUTOS = YES_AGGRESSIVE;
				GCC_WARN_UNUSED_FUNCTION = YES;
				GCC_WARN_UNUSED_VARIABLE = YES;
				IPHONEOS_DEPLOYMENT_TARGET = 9.2;
				MTL_ENABLE_DEBUG_INFO = NO;
				SDKROOT = iphoneos;
				TARGETED_DEVICE_FAMILY = "1,2";
				VALIDATE_PRODUCT = YES;
			};
			name = Release;
		};
		4F0C53BC1C63F28E00546280 /* Debug */ = {
			isa = XCBuildConfiguration;
			buildSettings = {
				ASSETCATALOG_COMPILER_APPICON_NAME = AppIcon;
				INFOPLIST_FILE = Dispatcher/Info.plist;
				LD_RUNPATH_SEARCH_PATHS = "$(inherited) @executable_path/Frameworks";
				PRODUCT_BUNDLE_IDENTIFIER = com.techbrewers.Dispatcher;
				PRODUCT_NAME = "$(TARGET_NAME)";
			};
			name = Debug;
		};
		4F0C53BD1C63F28E00546280 /* Release */ = {
			isa = XCBuildConfiguration;
			buildSettings = {
				ASSETCATALOG_COMPILER_APPICON_NAME = AppIcon;
				INFOPLIST_FILE = Dispatcher/Info.plist;
				LD_RUNPATH_SEARCH_PATHS = "$(inherited) @executable_path/Frameworks";
				PRODUCT_BUNDLE_IDENTIFIER = com.techbrewers.Dispatcher;
				PRODUCT_NAME = "$(TARGET_NAME)";
			};
			name = Release;
		};
		4F0C53BF1C63F28E00546280 /* Debug */ = {
			isa = XCBuildConfiguration;
			buildSettings = {
				BUNDLE_LOADER = "$(TEST_HOST)";
				INFOPLIST_FILE = DispatcherTests/Info.plist;
				LD_RUNPATH_SEARCH_PATHS = "$(inherited) @executable_path/Frameworks @loader_path/Frameworks";
				PRODUCT_BUNDLE_IDENTIFIER = com.techbrewers.DispatcherTests;
				PRODUCT_NAME = "$(TARGET_NAME)";
				TEST_HOST = "$(BUILT_PRODUCTS_DIR)/Dispatcher.app/Dispatcher";
			};
			name = Debug;
		};
		4F0C53C01C63F28E00546280 /* Release */ = {
			isa = XCBuildConfiguration;
			buildSettings = {
				BUNDLE_LOADER = "$(TEST_HOST)";
				INFOPLIST_FILE = DispatcherTests/Info.plist;
				LD_RUNPATH_SEARCH_PATHS = "$(inherited) @executable_path/Frameworks @loader_path/Frameworks";
				PRODUCT_BUNDLE_IDENTIFIER = com.techbrewers.DispatcherTests;
				PRODUCT_NAME = "$(TARGET_NAME)";
				TEST_HOST = "$(BUILT_PRODUCTS_DIR)/Dispatcher.app/Dispatcher";
			};
			name = Release;
		};
/* End XCBuildConfiguration section */

/* Begin XCConfigurationList section */
		4F0C538E1C63F28E00546280 /* Build configuration list for PBXProject "Dispatcher" */ = {
			isa = XCConfigurationList;
			buildConfigurations = (
				4F0C53B91C63F28E00546280 /* Debug */,
				4F0C53BA1C63F28E00546280 /* Release */,
			);
			defaultConfigurationIsVisible = 0;
			defaultConfigurationName = Release;
		};
		4F0C53BB1C63F28E00546280 /* Build configuration list for PBXNativeTarget "Dispatcher" */ = {
			isa = XCConfigurationList;
			buildConfigurations = (
				4F0C53BC1C63F28E00546280 /* Debug */,
				4F0C53BD1C63F28E00546280 /* Release */,
			);
			defaultConfigurationIsVisible = 0;
			defaultConfigurationName = Release;
		};
		4F0C53BE1C63F28E00546280 /* Build configuration list for PBXNativeTarget "DispatcherTests" */ = {
			isa = XCConfigurationList;
			buildConfigurations = (
				4F0C53BF1C63F28E00546280 /* Debug */,
				4F0C53C01C63F28E00546280 /* Release */,
			);
			defaultConfigurationIsVisible = 0;
			defaultConfigurationName = Release;
		};
/* End XCConfigurationList section */
	};
	rootObject = 4F0C538B1C63F28E00546280 /* Project object */;
}
